{
  "name": "devenv",
  "lockfileVersion": 3,
  "requires": true,
  "packages": {
    "": {
      "dependencies": {
        "node-gyp-build": "^4.6.1"
      }
    },
    "node_modules/node-gyp-build": {
      "version": "4.6.1",
      "resolved": "https://registry.npmjs.org/node-gyp-build/-/node-gyp-build-4.6.1.tgz",
      "integrity": "sha512-24vnklJmyRS8ViBNI8KbtK/r/DmXQMRiOMXTNz2nrTnAYUwjmEEbnnpB/+kt+yWRv73bPsSPRFddrcIbAxSiMQ==",
      "bin": {
        "node-gyp-build": "bin.js",
        "node-gyp-build-optional": "optional.js",
        "node-gyp-build-test": "build-test.js"
      }
    }
  }
}
